
Microsoft Visual Studio Solution File, Format Version 12.00
# Visual Studio Version 17
VisualStudioVersion = 17.0.31903.59
MinimumVisualStudioVersion = 10.0.40219.1
Project("{2150E333-8FDC-42A3-9474-1A3956D46DE8}") = "apps", "apps", "{1787FE1D-075E-9E68-7218-25F1BD1BBEAB}"
EndProject
Project("{2150E333-8FDC-42A3-9474-1A3956D46DE8}") = "api", "api", "{BC2D172B-13BC-136C-CDB1-4B1A687208C4}"
EndProject
Project("{FAE04EC0-301F-11D3-BF4B-00C04F79EFBC}") = "Helm.Host", "apps\api\Helm.Host\Helm.Host.csproj", "{B756B46A-F4F8-47D6-AE1B-075F1DE6387A}"
EndProject
Project("{2150E333-8FDC-42A3-9474-1A3956D46DE8}") = "libs", "libs", "{6C4D298B-81FB-2B6B-5AB6-46205EDDC72C}"
EndProject
Project("{2150E333-8FDC-42A3-9474-1A3956D46DE8}") = "api", "api", "{A9627159-C3CE-B976-3DC9-5BC25BE4B414}"
EndProject
Project("{FAE04EC0-301F-11D3-BF4B-00C04F79EFBC}") = "Helm.Core", "libs\api\Helm.Core\Helm.Core.csproj", "{FF7E4492-2215-4BE7-97C6-5168CAF2016D}"
EndProject
Project("{FAE04EC0-301F-11D3-BF4B-00C04F79EFBC}") = "Helm.Core.Tests", "libs\api\Helm.Core.Tests\Helm.Core.Tests.csproj", "{63A766F7-45A6-4019-9089-1E17620235DC}"
EndProject
Project("{FAE04EC0-301F-11D3-BF4B-00C04F79EFBC}") = "Helm.Crm.Contracts", "libs\api\Helm.Crm.Contracts\Helm.Crm.Contracts.csproj", "{278571C6-F57D-4372-A315-383A862ECF4E}"
EndProject
Project("{FAE04EC0-301F-11D3-BF4B-00C04F79EFBC}") = "Helm.Crm", "libs\api\Helm.Crm\Helm.Crm.csproj", "{BC05918E-AEDE-4A95-93C0-826F1C1CC476}"
EndProject
Project("{FAE04EC0-301F-11D3-BF4B-00C04F79EFBC}") = "Helm.Crm.Tests", "libs\api\Helm.Crm.Tests\Helm.Crm.Tests.csproj", "{93DC399F-63C6-45FC-BE80-9FAC560CD71C}"
EndProject
Project("{FAE04EC0-301F-11D3-BF4B-00C04F79EFBC}") = "Helm.ArchTests", "libs\api\Helm.ArchTests\Helm.ArchTests.csproj", "{57090E2A-B438-4CEF-B57B-33C723970B0F}"
EndProject
Project("{FAE04EC0-301F-11D3-BF4B-00C04F79EFBC}") = "Helm.Cpq", "libs\api\Helm.Cpq\Helm.Cpq.csproj", "{12A480A4-E31C-4E44-BDF3-93DB6203D0C5}"
EndProject
Project("{FAE04EC0-301F-11D3-BF4B-00C04F79EFBC}") = "Helm.Cpq.Contracts", "libs\api\Helm.Cpq.Contracts\Helm.Cpq.Contracts.csproj", "{1BE6F027-711D-4449-856F-3B8BB0227D39}"
EndProject
Project("{FAE04EC0-301F-11D3-BF4B-00C04F79EFBC}") = "Helm.Cpq.Tests", "libs\api\Helm.Cpq.Tests\Helm.Cpq.Tests.csproj", "{E071C029-9A46-4445-BE37-9C4B17BA2642}"
EndProject
Project("{FAE04EC0-301F-11D3-BF4B-00C04F79EFBC}") = "Helm.ProposalOrder", "libs\api\Helm.ProposalOrder\Helm.ProposalOrder.csproj", "{D9694963-2B80-4B60-92CE-26B062EC58D8}"
EndProject
Project("{FAE04EC0-301F-11D3-BF4B-00C04F79EFBC}") = "Helm.ProposalOrder.Contracts", "libs\api\Helm.ProposalOrder.Contracts\Helm.ProposalOrder.Contracts.csproj", "{AF70FF4F-B77D-43BF-A6E8-7668495C7A72}"
EndProject
Project("{FAE04EC0-301F-11D3-BF4B-00C04F79EFBC}") = "Helm.ProposalOrder.Tests", "libs\api\Helm.ProposalOrder.Tests\Helm.ProposalOrder.Tests.csproj", "{A4DAA8BE-9278-42AA-A2EC-DC48A9EF83B7}"
EndProject
Project("{FAE04EC0-301F-11D3-BF4B-00C04F79EFBC}") = "Helm.Design", "libs\api\Helm.Design\Helm.Design.csproj", "{E1A900B3-90C3-4F1A-A55F-A58ED817DF70}"
EndProject
Project("{FAE04EC0-301F-11D3-BF4B-00C04F79EFBC}") = "Helm.Design.Contracts", "libs\api\Helm.Design.Contracts\Helm.Design.Contracts.csproj", "{485668DD-1F73-4641-A642-9D6482D8CE58}"
EndProject
Project("{FAE04EC0-301F-11D3-BF4B-00C04F79EFBC}") = "Helm.Design.Tests", "libs\api\Helm.Design.Tests\Helm.Design.Tests.csproj", "{AA722DF6-61AA-42AB-94E6-86348CF46C22}"
EndProject
Project("{FAE04EC0-301F-11D3-BF4B-00C04F79EFBC}") = "Helm.Planning", "libs\api\Helm.Planning\Helm.Planning.csproj", "{ACE77A50-B8A8-4BE6-92A1-FEE5C8E84F9C}"
EndProject
Project("{FAE04EC0-301F-11D3-BF4B-00C04F79EFBC}") = "Helm.Planning.Contracts", "libs\api\Helm.Planning.Contracts\Helm.Planning.Contracts.csproj", "{6821AFF1-923B-4FAB-9BDD-2652863E8E47}"
EndProject
Project("{FAE04EC0-301F-11D3-BF4B-00C04F79EFBC}") = "Helm.Planning.Tests", "libs\api\Helm.Planning.Tests\Helm.Planning.Tests.csproj", "{6F41F6F4-4407-4721-9DE9-37F6341318A2}"
EndProject
Project("{FAE04EC0-301F-11D3-BF4B-00C04F79EFBC}") = "Helm.Inventory", "libs\api\Helm.Inventory\Helm.Inventory.csproj", "{E2FD586E-360D-43AE-B8A4-11EB83EC5B3F}"
EndProject
Project("{FAE04EC0-301F-11D3-BF4B-00C04F79EFBC}") = "Helm.Inventory.Contracts", "libs\api\Helm.Inventory.Contracts\Helm.Inventory.Contracts.csproj", "{FB7E0D53-AE3D-468A-B879-01067FE04722}"
EndProject
Project("{FAE04EC0-301F-11D3-BF4B-00C04F79EFBC}") = "Helm.Inventory.Tests", "libs\api\Helm.Inventory.Tests\Helm.Inventory.Tests.csproj", "{334B0CD0-50EF-4116-9789-FB52AB4864B6}"
EndProject
Project("{FAE04EC0-301F-11D3-BF4B-00C04F79EFBC}") = "Helm.PreProcessing", "libs\api\Helm.PreProcessing\Helm.PreProcessing.csproj", "{AE2B55E0-9D5E-4307-82DD-20D8D23E5ED4}"
EndProject
Project("{FAE04EC0-301F-11D3-BF4B-00C04F79EFBC}") = "Helm.PreProcessing.Contracts", "libs\api\Helm.PreProcessing.Contracts\Helm.PreProcessing.Contracts.csproj", "{1DC634F8-E9F0-4B6A-B8FD-E622C8E287EE}"
EndProject
Project("{FAE04EC0-301F-11D3-BF4B-00C04F79EFBC}") = "Helm.PreProcessing.Tests", "libs\api\Helm.PreProcessing.Tests\Helm.PreProcessing.Tests.csproj", "{B0C14FF4-053E-4F03-BC51-F3B81DBE767D}"
EndProject
Project("{FAE04EC0-301F-11D3-BF4B-00C04F79EFBC}") = "Helm.Manufacturing", "libs\api\Helm.Manufacturing\Helm.Manufacturing.csproj", "{03C33936-2416-482B-B221-F74EF5D5A204}"
EndProject
Project("{FAE04EC0-301F-11D3-BF4B-00C04F79EFBC}") = "Helm.Manufacturing.Contracts", "libs\api\Helm.Manufacturing.Contracts\Helm.Manufacturing.Contracts.csproj", "{81FE9753-7CA7-46C0-BF0C-D25F368A97F1}"
EndProject
Project("{FAE04EC0-301F-11D3-BF4B-00C04F79EFBC}") = "Helm.Manufacturing.Tests", "libs\api\Helm.Manufacturing.Tests\Helm.Manufacturing.Tests.csproj", "{382B3E7F-76A3-4B8E-B51F-E7B7AA7D3955}"
EndProject
Project("{FAE04EC0-301F-11D3-BF4B-00C04F79EFBC}") = "Helm.Fulfilment", "libs\api\Helm.Fulfilment\Helm.Fulfilment.csproj", "{14304351-9AEF-43C0-91B8-1E0D42E18D3C}"
EndProject
Project("{FAE04EC0-301F-11D3-BF4B-00C04F79EFBC}") = "Helm.Fulfilment.Contracts", "libs\api\Helm.Fulfilment.Contracts\Helm.Fulfilment.Contracts.csproj", "{5AA39AA0-1DAE-4777-8F30-1A1781E9974A}"
EndProject
Project("{FAE04EC0-301F-11D3-BF4B-00C04F79EFBC}") = "Helm.Fulfilment.Tests", "libs\api\Helm.Fulfilment.Tests\Helm.Fulfilment.Tests.csproj", "{9C003448-22F9-4ED0-B50E-15A1E4EAAEB7}"
EndProject
Project("{FAE04EC0-301F-11D3-BF4B-00C04F79EFBC}") = "Helm.AfterSales", "libs\api\Helm.AfterSales\Helm.AfterSales.csproj", "{B231255E-F8B3-4957-A782-AE462C3A8D76}"
EndProject
Project("{FAE04EC0-301F-11D3-BF4B-00C04F79EFBC}") = "Helm.AfterSales.Contracts", "libs\api\Helm.AfterSales.Contracts\Helm.AfterSales.Contracts.csproj", "{66DE9A4A-C7DA-4C6A-9E36-964E57FD4AC2}"
EndProject
Project("{FAE04EC0-301F-11D3-BF4B-00C04F79EFBC}") = "Helm.AfterSales.Tests", "libs\api\Helm.AfterSales.Tests\Helm.AfterSales.Tests.csproj", "{CA01E9A4-5B6D-4386-AC63-87D58C94FB54}"
EndProject
Global
	GlobalSection(SolutionConfigurationPlatforms) = preSolution
		Debug|Any CPU = Debug|Any CPU
		Debug|x64 = Debug|x64
		Debug|x86 = Debug|x86
		Release|Any CPU = Release|Any CPU
		Release|x64 = Release|x64
		Release|x86 = Release|x86
	EndGlobalSection
	GlobalSection(ProjectConfigurationPlatforms) = postSolution
		{B756B46A-F4F8-47D6-AE1B-075F1DE6387A}.Debug|Any CPU.ActiveCfg = Debug|Any CPU
		{B756B46A-F4F8-47D6-AE1B-075F1DE6387A}.Debug|Any CPU.Build.0 = Debug|Any CPU
		{B756B46A-F4F8-47D6-AE1B-075F1DE6387A}.Debug|x64.ActiveCfg = Debug|Any CPU
		{B756B46A-F4F8-47D6-AE1B-075F1DE6387A}.Debug|x64.Build.0 = Debug|Any CPU
		{B756B46A-F4F8-47D6-AE1B-075F1DE6387A}.Debug|x86.ActiveCfg = Debug|Any CPU
		{B756B46A-F4F8-47D6-AE1B-075F1DE6387A}.Debug|x86.Build.0 = Debug|Any CPU
		{B756B46A-F4F8-47D6-AE1B-075F1DE6387A}.Release|Any CPU.ActiveCfg = Release|Any CPU
		{B756B46A-F4F8-47D6-AE1B-075F1DE6387A}.Release|Any CPU.Build.0 = Release|Any CPU
		{B756B46A-F4F8-47D6-AE1B-075F1DE6387A}.Release|x64.ActiveCfg = Release|Any CPU
		{B756B46A-F4F8-47D6-AE1B-075F1DE6387A}.Release|x64.Build.0 = Release|Any CPU
		{B756B46A-F4F8-47D6-AE1B-075F1DE6387A}.Release|x86.ActiveCfg = Release|Any CPU
		{B756B46A-F4F8-47D6-AE1B-075F1DE6387A}.Release|x86.Build.0 = Release|Any CPU
		{FF7E4492-2215-4BE7-97C6-5168CAF2016D}.Debug|Any CPU.ActiveCfg = Debug|Any CPU
		{FF7E4492-2215-4BE7-97C6-5168CAF2016D}.Debug|Any CPU.Build.0 = Debug|Any CPU
		{FF7E4492-2215-4BE7-97C6-5168CAF2016D}.Debug|x64.ActiveCfg = Debug|Any CPU
		{FF7E4492-2215-4BE7-97C6-5168CAF2016D}.Debug|x64.Build.0 = Debug|Any CPU
		{FF7E4492-2215-4BE7-97C6-5168CAF2016D}.Debug|x86.ActiveCfg = Debug|Any CPU
		{FF7E4492-2215-4BE7-97C6-5168CAF2016D}.Debug|x86.Build.0 = Debug|Any CPU
		{FF7E4492-2215-4BE7-97C6-5168CAF2016D}.Release|Any CPU.ActiveCfg = Release|Any CPU
		{FF7E4492-2215-4BE7-97C6-5168CAF2016D}.Release|Any CPU.Build.0 = Release|Any CPU
		{FF7E4492-2215-4BE7-97C6-5168CAF2016D}.Release|x64.ActiveCfg = Release|Any CPU
		{FF7E4492-2215-4BE7-97C6-5168CAF2016D}.Release|x64.Build.0 = Release|Any CPU
		{FF7E4492-2215-4BE7-97C6-5168CAF2016D}.Release|x86.ActiveCfg = Release|Any CPU
		{FF7E4492-2215-4BE7-97C6-5168CAF2016D}.Release|x86.Build.0 = Release|Any CPU
		{63A766F7-45A6-4019-9089-1E17620235DC}.Debug|Any CPU.ActiveCfg = Debug|Any CPU
		{63A766F7-45A6-4019-9089-1E17620235DC}.Debug|Any CPU.Build.0 = Debug|Any CPU
		{63A766F7-45A6-4019-9089-1E17620235DC}.Debug|x64.ActiveCfg = Debug|Any CPU
		{63A766F7-45A6-4019-9089-1E17620235DC}.Debug|x64.Build.0 = Debug|Any CPU
		{63A766F7-45A6-4019-9089-1E17620235DC}.Debug|x86.ActiveCfg = Debug|Any CPU
		{63A766F7-45A6-4019-9089-1E17620235DC}.Debug|x86.Build.0 = Debug|Any CPU
		{63A766F7-45A6-4019-9089-1E17620235DC}.Release|Any CPU.ActiveCfg = Release|Any CPU
		{63A766F7-45A6-4019-9089-1E17620235DC}.Release|Any CPU.Build.0 = Release|Any CPU
		{63A766F7-45A6-4019-9089-1E17620235DC}.Release|x64.ActiveCfg = Release|Any CPU
		{63A766F7-45A6-4019-9089-1E17620235DC}.Release|x64.Build.0 = Release|Any CPU
		{63A766F7-45A6-4019-9089-1E17620235DC}.Release|x86.ActiveCfg = Release|Any CPU
		{63A766F7-45A6-4019-9089-1E17620235DC}.Release|x86.Build.0 = Release|Any CPU
		{278571C6-F57D-4372-A315-383A862ECF4E}.Debug|Any CPU.ActiveCfg = Debug|Any CPU
		{278571C6-F57D-4372-A315-383A862ECF4E}.Debug|Any CPU.Build.0 = Debug|Any CPU
		{278571C6-F57D-4372-A315-383A862ECF4E}.Debug|x64.ActiveCfg = Debug|Any CPU
		{278571C6-F57D-4372-A315-383A862ECF4E}.Debug|x64.Build.0 = Debug|Any CPU
		{278571C6-F57D-4372-A315-383A862ECF4E}.Debug|x86.ActiveCfg = Debug|Any CPU
		{278571C6-F57D-4372-A315-383A862ECF4E}.Debug|x86.Build.0 = Debug|Any CPU
		{278571C6-F57D-4372-A315-383A862ECF4E}.Release|Any CPU.ActiveCfg = Release|Any CPU
		{278571C6-F57D-4372-A315-383A862ECF4E}.Release|Any CPU.Build.0 = Release|Any CPU
		{278571C6-F57D-4372-A315-383A862ECF4E}.Release|x64.ActiveCfg = Release|Any CPU
		{278571C6-F57D-4372-A315-383A862ECF4E}.Release|x64.Build.0 = Release|Any CPU
		{278571C6-F57D-4372-A315-383A862ECF4E}.Release|x86.ActiveCfg = Release|Any CPU
		{278571C6-F57D-4372-A315-383A862ECF4E}.Release|x86.Build.0 = Release|Any CPU
		{BC05918E-AEDE-4A95-93C0-826F1C1CC476}.Debug|Any CPU.ActiveCfg = Debug|Any CPU
		{BC05918E-AEDE-4A95-93C0-826F1C1CC476}.Debug|Any CPU.Build.0 = Debug|Any CPU
		{BC05918E-AEDE-4A95-93C0-826F1C1CC476}.Debug|x64.ActiveCfg = Debug|Any CPU
		{BC05918E-AEDE-4A95-93C0-826F1C1CC476}.Debug|x64.Build.0 = Debug|Any CPU
		{BC05918E-AEDE-4A95-93C0-826F1C1CC476}.Debug|x86.ActiveCfg = Debug|Any CPU
		{BC05918E-AEDE-4A95-93C0-826F1C1CC476}.Debug|x86.Build.0 = Debug|Any CPU
		{BC05918E-AEDE-4A95-93C0-826F1C1CC476}.Release|Any CPU.ActiveCfg = Release|Any CPU
		{BC05918E-AEDE-4A95-93C0-826F1C1CC476}.Release|Any CPU.Build.0 = Release|Any CPU
		{BC05918E-AEDE-4A95-93C0-826F1C1CC476}.Release|x64.ActiveCfg = Release|Any CPU
		{BC05918E-AEDE-4A95-93C0-826F1C1CC476}.Release|x64.Build.0 = Release|Any CPU
		{BC05918E-AEDE-4A95-93C0-826F1C1CC476}.Release|x86.ActiveCfg = Release|Any CPU
		{BC05918E-AEDE-4A95-93C0-826F1C1CC476}.Release|x86.Build.0 = Release|Any CPU
		{93DC399F-63C6-45FC-BE80-9FAC560CD71C}.Debug|Any CPU.ActiveCfg = Debug|Any CPU
		{93DC399F-63C6-45FC-BE80-9FAC560CD71C}.Debug|Any CPU.Build.0 = Debug|Any CPU
		{93DC399F-63C6-45FC-BE80-9FAC560CD71C}.Debug|x64.ActiveCfg = Debug|Any CPU
		{93DC399F-63C6-45FC-BE80-9FAC560CD71C}.Debug|x64.Build.0 = Debug|Any CPU
		{93DC399F-63C6-45FC-BE80-9FAC560CD71C}.Debug|x86.ActiveCfg = Debug|Any CPU
		{93DC399F-63C6-45FC-BE80-9FAC560CD71C}.Debug|x86.Build.0 = Debug|Any CPU
		{93DC399F-63C6-45FC-BE80-9FAC560CD71C}.Release|Any CPU.ActiveCfg = Release|Any CPU
		{93DC399F-63C6-45FC-BE80-9FAC560CD71C}.Release|Any CPU.Build.0 = Release|Any CPU
		{93DC399F-63C6-45FC-BE80-9FAC560CD71C}.Release|x64.ActiveCfg = Release|Any CPU
		{93DC399F-63C6-45FC-BE80-9FAC560CD71C}.Release|x64.Build.0 = Release|Any CPU
		{93DC399F-63C6-45FC-BE80-9FAC560CD71C}.Release|x86.ActiveCfg = Release|Any CPU
		{93DC399F-63C6-45FC-BE80-9FAC560CD71C}.Release|x86.Build.0 = Release|Any CPU
		{57090E2A-B438-4CEF-B57B-33C723970B0F}.Debug|Any CPU.ActiveCfg = Debug|Any CPU
		{57090E2A-B438-4CEF-B57B-33C723970B0F}.Debug|Any CPU.Build.0 = Debug|Any CPU
		{57090E2A-B438-4CEF-B57B-33C723970B0F}.Debug|x64.ActiveCfg = Debug|Any CPU
		{57090E2A-B438-4CEF-B57B-33C723970B0F}.Debug|x64.Build.0 = Debug|Any CPU
		{57090E2A-B438-4CEF-B57B-33C723970B0F}.Debug|x86.ActiveCfg = Debug|Any CPU
		{57090E2A-B438-4CEF-B57B-33C723970B0F}.Debug|x86.Build.0 = Debug|Any CPU
		{57090E2A-B438-4CEF-B57B-33C723970B0F}.Release|Any CPU.ActiveCfg = Release|Any CPU
		{57090E2A-B438-4CEF-B57B-33C723970B0F}.Release|Any CPU.Build.0 = Release|Any CPU
		{57090E2A-B438-4CEF-B57B-33C723970B0F}.Release|x64.ActiveCfg = Release|Any CPU
		{57090E2A-B438-4CEF-B57B-33C723970B0F}.Release|x64.Build.0 = Release|Any CPU
		{57090E2A-B438-4CEF-B57B-33C723970B0F}.Release|x86.ActiveCfg = Release|Any CPU
		{57090E2A-B438-4CEF-B57B-33C723970B0F}.Release|x86.Build.0 = Release|Any CPU
		{12A480A4-E31C-4E44-BDF3-93DB6203D0C5}.Debug|Any CPU.ActiveCfg = Debug|Any CPU
		{12A480A4-E31C-4E44-BDF3-93DB6203D0C5}.Debug|Any CPU.Build.0 = Debug|Any CPU
		{12A480A4-E31C-4E44-BDF3-93DB6203D0C5}.Debug|x64.ActiveCfg = Debug|Any CPU
		{12A480A4-E31C-4E44-BDF3-93DB6203D0C5}.Debug|x64.Build.0 = Debug|Any CPU
		{12A480A4-E31C-4E44-BDF3-93DB6203D0C5}.Debug|x86.ActiveCfg = Debug|Any CPU
		{12A480A4-E31C-4E44-BDF3-93DB6203D0C5}.Debug|x86.Build.0 = Debug|Any CPU
		{12A480A4-E31C-4E44-BDF3-93DB6203D0C5}.Release|Any CPU.ActiveCfg = Release|Any CPU
		{12A480A4-E31C-4E44-BDF3-93DB6203D0C5}.Release|Any CPU.Build.0 = Release|Any CPU
		{12A480A4-E31C-4E44-BDF3-93DB6203D0C5}.Release|x64.ActiveCfg = Release|Any CPU
		{12A480A4-E31C-4E44-BDF3-93DB6203D0C5}.Release|x64.Build.0 = Release|Any CPU
		{12A480A4-E31C-4E44-BDF3-93DB6203D0C5}.Release|x86.ActiveCfg = Release|Any CPU
		{12A480A4-E31C-4E44-BDF3-93DB6203D0C5}.Release|x86.Build.0 = Release|Any CPU
		{1BE6F027-711D-4449-856F-3B8BB0227D39}.Debug|Any CPU.ActiveCfg = Debug|Any CPU
		{1BE6F027-711D-4449-856F-3B8BB0227D39}.Debug|Any CPU.Build.0 = Debug|Any CPU
		{1BE6F027-711D-4449-856F-3B8BB0227D39}.Debug|x64.ActiveCfg = Debug|Any CPU
		{1BE6F027-711D-4449-856F-3B8BB0227D39}.Debug|x64.Build.0 = Debug|Any CPU
		{1BE6F027-711D-4449-856F-3B8BB0227D39}.Debug|x86.ActiveCfg = Debug|Any CPU
		{1BE6F027-711D-4449-856F-3B8BB0227D39}.Debug|x86.Build.0 = Debug|Any CPU
		{1BE6F027-711D-4449-856F-3B8BB0227D39}.Release|Any CPU.ActiveCfg = Release|Any CPU
		{1BE6F027-711D-4449-856F-3B8BB0227D39}.Release|Any CPU.Build.0 = Release|Any CPU
		{1BE6F027-711D-4449-856F-3B8BB0227D39}.Release|x64.ActiveCfg = Release|Any CPU
		{1BE6F027-711D-4449-856F-3B8BB0227D39}.Release|x64.Build.0 = Release|Any CPU
		{1BE6F027-711D-4449-856F-3B8BB0227D39}.Release|x86.ActiveCfg = Release|Any CPU
		{1BE6F027-711D-4449-856F-3B8BB0227D39}.Release|x86.Build.0 = Release|Any CPU
		{E071C029-9A46-4445-BE37-9C4B17BA2642}.Debug|Any CPU.ActiveCfg = Debug|Any CPU
		{E071C029-9A46-4445-BE37-9C4B17BA2642}.Debug|Any CPU.Build.0 = Debug|Any CPU
		{E071C029-9A46-4445-BE37-9C4B17BA2642}.Debug|x64.ActiveCfg = Debug|Any CPU
		{E071C029-9A46-4445-BE37-9C4B17BA2642}.Debug|x64.Build.0 = Debug|Any CPU
		{E071C029-9A46-4445-BE37-9C4B17BA2642}.Debug|x86.ActiveCfg = Debug|Any CPU
		{E071C029-9A46-4445-BE37-9C4B17BA2642}.Debug|x86.Build.0 = Debug|Any CPU
		{E071C029-9A46-4445-BE37-9C4B17BA2642}.Release|Any CPU.ActiveCfg = Release|Any CPU
		{E071C029-9A46-4445-BE37-9C4B17BA2642}.Release|Any CPU.Build.0 = Release|Any CPU
		{E071C029-9A46-4445-BE37-9C4B17BA2642}.Release|x64.ActiveCfg = Release|Any CPU
		{E071C029-9A46-4445-BE37-9C4B17BA2642}.Release|x64.Build.0 = Release|Any CPU
		{E071C029-9A46-4445-BE37-9C4B17BA2642}.Release|x86.ActiveCfg = Release|Any CPU
		{E071C029-9A46-4445-BE37-9C4B17BA2642}.Release|x86.Build.0 = Release|Any CPU
		{D9694963-2B80-4B60-92CE-26B062EC58D8}.Debug|Any CPU.ActiveCfg = Debug|Any CPU
		{D9694963-2B80-4B60-92CE-26B062EC58D8}.Debug|Any CPU.Build.0 = Debug|Any CPU
		{D9694963-2B80-4B60-92CE-26B062EC58D8}.Debug|x64.ActiveCfg = Debug|Any CPU
		{D9694963-2B80-4B60-92CE-26B062EC58D8}.Debug|x64.Build.0 = Debug|Any CPU
		{D9694963-2B80-4B60-92CE-26B062EC58D8}.Debug|x86.ActiveCfg = Debug|Any CPU
		{D9694963-2B80-4B60-92CE-26B062EC58D8}.Debug|x86.Build.0 = Debug|Any CPU
		{D9694963-2B80-4B60-92CE-26B062EC58D8}.Release|Any CPU.ActiveCfg = Release|Any CPU
		{D9694963-2B80-4B60-92CE-26B062EC58D8}.Release|Any CPU.Build.0 = Release|Any CPU
		{D9694963-2B80-4B60-92CE-26B062EC58D8}.Release|x64.ActiveCfg = Release|Any CPU
		{D9694963-2B80-4B60-92CE-26B062EC58D8}.Release|x64.Build.0 = Release|Any CPU
		{D9694963-2B80-4B60-92CE-26B062EC58D8}.Release|x86.ActiveCfg = Release|Any CPU
		{D9694963-2B80-4B60-92CE-26B062EC58D8}.Release|x86.Build.0 = Release|Any CPU
		{AF70FF4F-B77D-43BF-A6E8-7668495C7A72}.Debug|Any CPU.ActiveCfg = Debug|Any CPU
		{AF70FF4F-B77D-43BF-A6E8-7668495C7A72}.Debug|Any CPU.Build.0 = Debug|Any CPU
		{AF70FF4F-B77D-43BF-A6E8-7668495C7A72}.Debug|x64.ActiveCfg = Debug|Any CPU
		{AF70FF4F-B77D-43BF-A6E8-7668495C7A72}.Debug|x64.Build.0 = Debug|Any CPU
		{AF70FF4F-B77D-43BF-A6E8-7668495C7A72}.Debug|x86.ActiveCfg = Debug|Any CPU
		{AF70FF4F-B77D-43BF-A6E8-7668495C7A72}.Debug|x86.Build.0 = Debug|Any CPU
		{AF70FF4F-B77D-43BF-A6E8-7668495C7A72}.Release|Any CPU.ActiveCfg = Release|Any CPU
		{AF70FF4F-B77D-43BF-A6E8-7668495C7A72}.Release|Any CPU.Build.0 = Release|Any CPU
		{AF70FF4F-B77D-43BF-A6E8-7668495C7A72}.Release|x64.ActiveCfg = Release|Any CPU
		{AF70FF4F-B77D-43BF-A6E8-7668495C7A72}.Release|x64.Build.0 = Release|Any CPU
		{AF70FF4F-B77D-43BF-A6E8-7668495C7A72}.Release|x86.ActiveCfg = Release|Any CPU
		{AF70FF4F-B77D-43BF-A6E8-7668495C7A72}.Release|x86.Build.0 = Release|Any CPU
		{A4DAA8BE-9278-42AA-A2EC-DC48A9EF83B7}.Debug|Any CPU.ActiveCfg = Debug|Any CPU
		{A4DAA8BE-9278-42AA-A2EC-DC48A9EF83B7}.Debug|Any CPU.Build.0 = Debug|Any CPU
		{A4DAA8BE-9278-42AA-A2EC-DC48A9EF83B7}.Debug|x64.ActiveCfg = Debug|Any CPU
		{A4DAA8BE-9278-42AA-A2EC-DC48A9EF83B7}.Debug|x64.Build.0 = Debug|Any CPU
		{A4DAA8BE-9278-42AA-A2EC-DC48A9EF83B7}.Debug|x86.ActiveCfg = Debug|Any CPU
		{A4DAA8BE-9278-42AA-A2EC-DC48A9EF83B7}.Debug|x86.Build.0 = Debug|Any CPU
		{A4DAA8BE-9278-42AA-A2EC-DC48A9EF83B7}.Release|Any CPU.ActiveCfg = Release|Any CPU
		{A4DAA8BE-9278-42AA-A2EC-DC48A9EF83B7}.Release|Any CPU.Build.0 = Release|Any CPU
		{A4DAA8BE-9278-42AA-A2EC-DC48A9EF83B7}.Release|x64.ActiveCfg = Release|Any CPU
		{A4DAA8BE-9278-42AA-A2EC-DC48A9EF83B7}.Release|x64.Build.0 = Release|Any CPU
		{A4DAA8BE-9278-42AA-A2EC-DC48A9EF83B7}.Release|x86.ActiveCfg = Release|Any CPU
		{A4DAA8BE-9278-42AA-A2EC-DC48A9EF83B7}.Release|x86.Build.0 = Release|Any CPU
		{E1A900B3-90C3-4F1A-A55F-A58ED817DF70}.Debug|Any CPU.ActiveCfg = Debug|Any CPU
		{E1A900B3-90C3-4F1A-A55F-A58ED817DF70}.Debug|Any CPU.Build.0 = Debug|Any CPU
		{E1A900B3-90C3-4F1A-A55F-A58ED817DF70}.Debug|x64.ActiveCfg = Debug|Any CPU
		{E1A900B3-90C3-4F1A-A55F-A58ED817DF70}.Debug|x64.Build.0 = Debug|Any CPU
		{E1A900B3-90C3-4F1A-A55F-A58ED817DF70}.Debug|x86.ActiveCfg = Debug|Any CPU
		{E1A900B3-90C3-4F1A-A55F-A58ED817DF70}.Debug|x86.Build.0 = Debug|Any CPU
		{E1A900B3-90C3-4F1A-A55F-A58ED817DF70}.Release|Any CPU.ActiveCfg = Release|Any CPU
		{E1A900B3-90C3-4F1A-A55F-A58ED817DF70}.Release|Any CPU.Build.0 = Release|Any CPU
		{E1A900B3-90C3-4F1A-A55F-A58ED817DF70}.Release|x64.ActiveCfg = Release|Any CPU
		{E1A900B3-90C3-4F1A-A55F-A58ED817DF70}.Release|x64.Build.0 = Release|Any CPU
		{E1A900B3-90C3-4F1A-A55F-A58ED817DF70}.Release|x86.ActiveCfg = Release|Any CPU
		{E1A900B3-90C3-4F1A-A55F-A58ED817DF70}.Release|x86.Build.0 = Release|Any CPU
		{485668DD-1F73-4641-A642-9D6482D8CE58}.Debug|Any CPU.ActiveCfg = Debug|Any CPU
		{485668DD-1F73-4641-A642-9D6482D8CE58}.Debug|Any CPU.Build.0 = Debug|Any CPU
		{485668DD-1F73-4641-A642-9D6482D8CE58}.Debug|x64.ActiveCfg = Debug|Any CPU
		{485668DD-1F73-4641-A642-9D6482D8CE58}.Debug|x64.Build.0 = Debug|Any CPU
		{485668DD-1F73-4641-A642-9D6482D8CE58}.Debug|x86.ActiveCfg = Debug|Any CPU
		{485668DD-1F73-4641-A642-9D6482D8CE58}.Debug|x86.Build.0 = Debug|Any CPU
		{485668DD-1F73-4641-A642-9D6482D8CE58}.Release|Any CPU.ActiveCfg = Release|Any CPU
		{485668DD-1F73-4641-A642-9D6482D8CE58}.Release|Any CPU.Build.0 = Release|Any CPU
		{485668DD-1F73-4641-A642-9D6482D8CE58}.Release|x64.ActiveCfg = Release|Any CPU
		{485668DD-1F73-4641-A642-9D6482D8CE58}.Release|x64.Build.0 = Release|Any CPU
		{485668DD-1F73-4641-A642-9D6482D8CE58}.Release|x86.ActiveCfg = Release|Any CPU
		{485668DD-1F73-4641-A642-9D6482D8CE58}.Release|x86.Build.0 = Release|Any CPU
		{AA722DF6-61AA-42AB-94E6-86348CF46C22}.Debug|Any CPU.ActiveCfg = Debug|Any CPU
		{AA722DF6-61AA-42AB-94E6-86348CF46C22}.Debug|Any CPU.Build.0 = Debug|Any CPU
		{AA722DF6-61AA-42AB-94E6-86348CF46C22}.Debug|x64.ActiveCfg = Debug|Any CPU
		{AA722DF6-61AA-42AB-94E6-86348CF46C22}.Debug|x64.Build.0 = Debug|Any CPU
		{AA722DF6-61AA-42AB-94E6-86348CF46C22}.Debug|x86.ActiveCfg = Debug|Any CPU
		{AA722DF6-61AA-42AB-94E6-86348CF46C22}.Debug|x86.Build.0 = Debug|Any CPU
		{AA722DF6-61AA-42AB-94E6-86348CF46C22}.Release|Any CPU.ActiveCfg = Release|Any CPU
		{AA722DF6-61AA-42AB-94E6-86348CF46C22}.Release|Any CPU.Build.0 = Release|Any CPU
		{AA722DF6-61AA-42AB-94E6-86348CF46C22}.Release|x64.ActiveCfg = Release|Any CPU
		{AA722DF6-61AA-42AB-94E6-86348CF46C22}.Release|x64.Build.0 = Release|Any CPU
		{AA722DF6-61AA-42AB-94E6-86348CF46C22}.Release|x86.ActiveCfg = Release|Any CPU
		{AA722DF6-61AA-42AB-94E6-86348CF46C22}.Release|x86.Build.0 = Release|Any CPU
		{ACE77A50-B8A8-4BE6-92A1-FEE5C8E84F9C}.Debug|Any CPU.ActiveCfg = Debug|Any CPU
		{ACE77A50-B8A8-4BE6-92A1-FEE5C8E84F9C}.Debug|Any CPU.Build.0 = Debug|Any CPU
		{ACE77A50-B8A8-4BE6-92A1-FEE5C8E84F9C}.Debug|x64.ActiveCfg = Debug|Any CPU
		{ACE77A50-B8A8-4BE6-92A1-FEE5C8E84F9C}.Debug|x64.Build.0 = Debug|Any CPU
		{ACE77A50-B8A8-4BE6-92A1-FEE5C8E84F9C}.Debug|x86.ActiveCfg = Debug|Any CPU
		{ACE77A50-B8A8-4BE6-92A1-FEE5C8E84F9C}.Debug|x86.Build.0 = Debug|Any CPU
		{ACE77A50-B8A8-4BE6-92A1-FEE5C8E84F9C}.Release|Any CPU.ActiveCfg = Release|Any CPU
		{ACE77A50-B8A8-4BE6-92A1-FEE5C8E84F9C}.Release|Any CPU.Build.0 = Release|Any CPU
		{ACE77A50-B8A8-4BE6-92A1-FEE5C8E84F9C}.Release|x64.ActiveCfg = Release|Any CPU
		{ACE77A50-B8A8-4BE6-92A1-FEE5C8E84F9C}.Release|x64.Build.0 = Release|Any CPU
		{ACE77A50-B8A8-4BE6-92A1-FEE5C8E84F9C}.Release|x86.ActiveCfg = Release|Any CPU
		{ACE77A50-B8A8-4BE6-92A1-FEE5C8E84F9C}.Release|x86.Build.0 = Release|Any CPU
		{6821AFF1-923B-4FAB-9BDD-2652863E8E47}.Debug|Any CPU.ActiveCfg = Debug|Any CPU
		{6821AFF1-923B-4FAB-9BDD-2652863E8E47}.Debug|Any CPU.Build.0 = Debug|Any CPU
		{6821AFF1-923B-4FAB-9BDD-2652863E8E47}.Debug|x64.ActiveCfg = Debug|Any CPU
		{6821AFF1-923B-4FAB-9BDD-2652863E8E47}.Debug|x64.Build.0 = Debug|Any CPU
		{6821AFF1-923B-4FAB-9BDD-2652863E8E47}.Debug|x86.ActiveCfg = Debug|Any CPU
		{6821AFF1-923B-4FAB-9BDD-2652863E8E47}.Debug|x86.Build.0 = Debug|Any CPU
		{6821AFF1-923B-4FAB-9BDD-2652863E8E47}.Release|Any CPU.ActiveCfg = Release|Any CPU
		{6821AFF1-923B-4FAB-9BDD-2652863E8E47}.Release|Any CPU.Build.0 = Release|Any CPU
		{6821AFF1-923B-4FAB-9BDD-2652863E8E47}.Release|x64.ActiveCfg = Release|Any CPU
		{6821AFF1-923B-4FAB-9BDD-2652863E8E47}.Release|x64.Build.0 = Release|Any CPU
		{6821AFF1-923B-4FAB-9BDD-2652863E8E47}.Release|x86.ActiveCfg = Release|Any CPU
		{6821AFF1-923B-4FAB-9BDD-2652863E8E47}.Release|x86.Build.0 = Release|Any CPU
		{6F41F6F4-4407-4721-9DE9-37F6341318A2}.Debug|Any CPU.ActiveCfg = Debug|Any CPU
		{6F41F6F4-4407-4721-9DE9-37F6341318A2}.Debug|Any CPU.Build.0 = Debug|Any CPU
		{6F41F6F4-4407-4721-9DE9-37F6341318A2}.Debug|x64.ActiveCfg = Debug|Any CPU
		{6F41F6F4-4407-4721-9DE9-37F6341318A2}.Debug|x64.Build.0 = Debug|Any CPU
		{6F41F6F4-4407-4721-9DE9-37F6341318A2}.Debug|x86.ActiveCfg = Debug|Any CPU
		{6F41F6F4-4407-4721-9DE9-37F6341318A2}.Debug|x86.Build.0 = Debug|Any CPU
		{6F41F6F4-4407-4721-9DE9-37F6341318A2}.Release|Any CPU.ActiveCfg = Release|Any CPU
		{6F41F6F4-4407-4721-9DE9-37F6341318A2}.Release|Any CPU.Build.0 = Release|Any CPU
		{6F41F6F4-4407-4721-9DE9-37F6341318A2}.Release|x64.ActiveCfg = Release|Any CPU
		{6F41F6F4-4407-4721-9DE9-37F6341318A2}.Release|x64.Build.0 = Release|Any CPU
		{6F41F6F4-4407-4721-9DE9-37F6341318A2}.Release|x86.ActiveCfg = Release|Any CPU
		{6F41F6F4-4407-4721-9DE9-37F6341318A2}.Release|x86.Build.0 = Release|Any CPU
		{E2FD586E-360D-43AE-B8A4-11EB83EC5B3F}.Debug|Any CPU.ActiveCfg = Debug|Any CPU
		{E2FD586E-360D-43AE-B8A4-11EB83EC5B3F}.Debug|Any CPU.Build.0 = Debug|Any CPU
		{E2FD586E-360D-43AE-B8A4-11EB83EC5B3F}.Debug|x64.ActiveCfg = Debug|Any CPU
		{E2FD586E-360D-43AE-B8A4-11EB83EC5B3F}.Debug|x64.Build.0 = Debug|Any CPU
		{E2FD586E-360D-43AE-B8A4-11EB83EC5B3F}.Debug|x86.ActiveCfg = Debug|Any CPU
		{E2FD586E-360D-43AE-B8A4-11EB83EC5B3F}.Debug|x86.Build.0 = Debug|Any CPU
		{E2FD586E-360D-43AE-B8A4-11EB83EC5B3F}.Release|Any CPU.ActiveCfg = Release|Any CPU
		{E2FD586E-360D-43AE-B8A4-11EB83EC5B3F}.Release|Any CPU.Build.0 = Release|Any CPU
		{E2FD586E-360D-43AE-B8A4-11EB83EC5B3F}.Release|x64.ActiveCfg = Release|Any CPU
		{E2FD586E-360D-43AE-B8A4-11EB83EC5B3F}.Release|x64.Build.0 = Release|Any CPU
		{E2FD586E-360D-43AE-B8A4-11EB83EC5B3F}.Release|x86.ActiveCfg = Release|Any CPU
		{E2FD586E-360D-43AE-B8A4-11EB83EC5B3F}.Release|x86.Build.0 = Release|Any CPU
		{FB7E0D53-AE3D-468A-B879-01067FE04722}.Debug|Any CPU.ActiveCfg = Debug|Any CPU
		{FB7E0D53-AE3D-468A-B879-01067FE04722}.Debug|Any CPU.Build.0 = Debug|Any CPU
		{FB7E0D53-AE3D-468A-B879-01067FE04722}.Debug|x64.ActiveCfg = Debug|Any CPU
		{FB7E0D53-AE3D-468A-B879-01067FE04722}.Debug|x64.Build.0 = Debug|Any CPU
		{FB7E0D53-AE3D-468A-B879-01067FE04722}.Debug|x86.ActiveCfg = Debug|Any CPU
		{FB7E0D53-AE3D-468A-B879-01067FE04722}.Debug|x86.Build.0 = Debug|Any CPU
		{FB7E0D53-AE3D-468A-B879-01067FE04722}.Release|Any CPU.ActiveCfg = Release|Any CPU
		{FB7E0D53-AE3D-468A-B879-01067FE04722}.Release|Any CPU.Build.0 = Release|Any CPU
		{FB7E0D53-AE3D-468A-B879-01067FE04722}.Release|x64.ActiveCfg = Release|Any CPU
		{FB7E0D53-AE3D-468A-B879-01067FE04722}.Release|x64.Build.0 = Release|Any CPU
		{FB7E0D53-AE3D-468A-B879-01067FE04722}.Release|x86.ActiveCfg = Release|Any CPU
		{FB7E0D53-AE3D-468A-B879-01067FE04722}.Release|x86.Build.0 = Release|Any CPU
		{334B0CD0-50EF-4116-9789-FB52AB4864B6}.Debug|Any CPU.ActiveCfg = Debug|Any CPU
		{334B0CD0-50EF-4116-9789-FB52AB4864B6}.Debug|Any CPU.Build.0 = Debug|Any CPU
		{334B0CD0-50EF-4116-9789-FB52AB4864B6}.Debug|x64.ActiveCfg = Debug|Any CPU
		{334B0CD0-50EF-4116-9789-FB52AB4864B6}.Debug|x64.Build.0 = Debug|Any CPU
		{334B0CD0-50EF-4116-9789-FB52AB4864B6}.Debug|x86.ActiveCfg = Debug|Any CPU
		{334B0CD0-50EF-4116-9789-FB52AB4864B6}.Debug|x86.Build.0 = Debug|Any CPU
		{334B0CD0-50EF-4116-9789-FB52AB4864B6}.Release|Any CPU.ActiveCfg = Release|Any CPU
		{334B0CD0-50EF-4116-9789-FB52AB4864B6}.Release|Any CPU.Build.0 = Release|Any CPU
		{334B0CD0-50EF-4116-9789-FB52AB4864B6}.Release|x64.ActiveCfg = Release|Any CPU
		{334B0CD0-50EF-4116-9789-FB52AB4864B6}.Release|x64.Build.0 = Release|Any CPU
		{334B0CD0-50EF-4116-9789-FB52AB4864B6}.Release|x86.ActiveCfg = Release|Any CPU
		{334B0CD0-50EF-4116-9789-FB52AB4864B6}.Release|x86.Build.0 = Release|Any CPU
		{AE2B55E0-9D5E-4307-82DD-20D8D23E5ED4}.Debug|Any CPU.ActiveCfg = Debug|Any CPU
		{AE2B55E0-9D5E-4307-82DD-20D8D23E5ED4}.Debug|Any CPU.Build.0 = Debug|Any CPU
		{AE2B55E0-9D5E-4307-82DD-20D8D23E5ED4}.Debug|x64.ActiveCfg = Debug|Any CPU
		{AE2B55E0-9D5E-4307-82DD-20D8D23E5ED4}.Debug|x64.Build.0 = Debug|Any CPU
		{AE2B55E0-9D5E-4307-82DD-20D8D23E5ED4}.Debug|x86.ActiveCfg = Debug|Any CPU
		{AE2B55E0-9D5E-4307-82DD-20D8D23E5ED4}.Debug|x86.Build.0 = Debug|Any CPU
		{AE2B55E0-9D5E-4307-82DD-20D8D23E5ED4}.Release|Any CPU.ActiveCfg = Release|Any CPU
		{AE2B55E0-9D5E-4307-82DD-20D8D23E5ED4}.Release|Any CPU.Build.0 = Release|Any CPU
		{AE2B55E0-9D5E-4307-82DD-20D8D23E5ED4}.Release|x64.ActiveCfg = Release|Any CPU
		{AE2B55E0-9D5E-4307-82DD-20D8D23E5ED4}.Release|x64.Build.0 = Release|Any CPU
		{AE2B55E0-9D5E-4307-82DD-20D8D23E5ED4}.Release|x86.ActiveCfg = Release|Any CPU
		{AE2B55E0-9D5E-4307-82DD-20D8D23E5ED4}.Release|x86.Build.0 = Release|Any CPU
		{1DC634F8-E9F0-4B6A-B8FD-E622C8E287EE}.Debug|Any CPU.ActiveCfg = Debug|Any CPU
		{1DC634F8-E9F0-4B6A-B8FD-E622C8E287EE}.Debug|Any CPU.Build.0 = Debug|Any CPU
		{1DC634F8-E9F0-4B6A-B8FD-E622C8E287EE}.Debug|x64.ActiveCfg = Debug|Any CPU
		{1DC634F8-E9F0-4B6A-B8FD-E622C8E287EE}.Debug|x64.Build.0 = Debug|Any CPU
		{1DC634F8-E9F0-4B6A-B8FD-E622C8E287EE}.Debug|x86.ActiveCfg = Debug|Any CPU
		{1DC634F8-E9F0-4B6A-B8FD-E622C8E287EE}.Debug|x86.Build.0 = Debug|Any CPU
		{1DC634F8-E9F0-4B6A-B8FD-E622C8E287EE}.Release|Any CPU.ActiveCfg = Release|Any CPU
		{1DC634F8-E9F0-4B6A-B8FD-E622C8E287EE}.Release|Any CPU.Build.0 = Release|Any CPU
		{1DC634F8-E9F0-4B6A-B8FD-E622C8E287EE}.Release|x64.ActiveCfg = Release|Any CPU
		{1DC634F8-E9F0-4B6A-B8FD-E622C8E287EE}.Release|x64.Build.0 = Release|Any CPU
		{1DC634F8-E9F0-4B6A-B8FD-E622C8E287EE}.Release|x86.ActiveCfg = Release|Any CPU
		{1DC634F8-E9F0-4B6A-B8FD-E622C8E287EE}.Release|x86.Build.0 = Release|Any CPU
		{B0C14FF4-053E-4F03-BC51-F3B81DBE767D}.Debug|Any CPU.ActiveCfg = Debug|Any CPU
		{B0C14FF4-053E-4F03-BC51-F3B81DBE767D}.Debug|Any CPU.Build.0 = Debug|Any CPU
		{B0C14FF4-053E-4F03-BC51-F3B81DBE767D}.Debug|x64.ActiveCfg = Debug|Any CPU
		{B0C14FF4-053E-4F03-BC51-F3B81DBE767D}.Debug|x64.Build.0 = Debug|Any CPU
		{B0C14FF4-053E-4F03-BC51-F3B81DBE767D}.Debug|x86.ActiveCfg = Debug|Any CPU
		{B0C14FF4-053E-4F03-BC51-F3B81DBE767D}.Debug|x86.Build.0 = Debug|Any CPU
		{B0C14FF4-053E-4F03-BC51-F3B81DBE767D}.Release|Any CPU.ActiveCfg = Release|Any CPU
		{B0C14FF4-053E-4F03-BC51-F3B81DBE767D}.Release|Any CPU.Build.0 = Release|Any CPU
		{B0C14FF4-053E-4F03-BC51-F3B81DBE767D}.Release|x64.ActiveCfg = Release|Any CPU
		{B0C14FF4-053E-4F03-BC51-F3B81DBE767D}.Release|x64.Build.0 = Release|Any CPU
		{B0C14FF4-053E-4F03-BC51-F3B81DBE767D}.Release|x86.ActiveCfg = Release|Any CPU
		{B0C14FF4-053E-4F03-BC51-F3B81DBE767D}.Release|x86.Build.0 = Release|Any CPU
		{03C33936-2416-482B-B221-F74EF5D5A204}.Debug|Any CPU.ActiveCfg = Debug|Any CPU
		{03C33936-2416-482B-B221-F74EF5D5A204}.Debug|Any CPU.Build.0 = Debug|Any CPU
		{03C33936-2416-482B-B221-F74EF5D5A204}.Debug|x64.ActiveCfg = Debug|Any CPU
		{03C33936-2416-482B-B221-F74EF5D5A204}.Debug|x64.Build.0 = Debug|Any CPU
		{03C33936-2416-482B-B221-F74EF5D5A204}.Debug|x86.ActiveCfg = Debug|Any CPU
		{03C33936-2416-482B-B221-F74EF5D5A204}.Debug|x86.Build.0 = Debug|Any CPU
		{03C33936-2416-482B-B221-F74EF5D5A204}.Release|Any CPU.ActiveCfg = Release|Any CPU
		{03C33936-2416-482B-B221-F74EF5D5A204}.Release|Any CPU.Build.0 = Release|Any CPU
		{03C33936-2416-482B-B221-F74EF5D5A204}.Release|x64.ActiveCfg = Release|Any CPU
		{03C33936-2416-482B-B221-F74EF5D5A204}.Release|x64.Build.0 = Release|Any CPU
		{03C33936-2416-482B-B221-F74EF5D5A204}.Release|x86.ActiveCfg = Release|Any CPU
		{03C33936-2416-482B-B221-F74EF5D5A204}.Release|x86.Build.0 = Release|Any CPU
		{81FE9753-7CA7-46C0-BF0C-D25F368A97F1}.Debug|Any CPU.ActiveCfg = Debug|Any CPU
		{81FE9753-7CA7-46C0-BF0C-D25F368A97F1}.Debug|Any CPU.Build.0 = Debug|Any CPU
		{81FE9753-7CA7-46C0-BF0C-D25F368A97F1}.Debug|x64.ActiveCfg = Debug|Any CPU
		{81FE9753-7CA7-46C0-BF0C-D25F368A97F1}.Debug|x64.Build.0 = Debug|Any CPU
		{81FE9753-7CA7-46C0-BF0C-D25F368A97F1}.Debug|x86.ActiveCfg = Debug|Any CPU
		{81FE9753-7CA7-46C0-BF0C-D25F368A97F1}.Debug|x86.Build.0 = Debug|Any CPU
		{81FE9753-7CA7-46C0-BF0C-D25F368A97F1}.Release|Any CPU.ActiveCfg = Release|Any CPU
		{81FE9753-7CA7-46C0-BF0C-D25F368A97F1}.Release|Any CPU.Build.0 = Release|Any CPU
		{81FE9753-7CA7-46C0-BF0C-D25F368A97F1}.Release|x64.ActiveCfg = Release|Any CPU
		{81FE9753-7CA7-46C0-BF0C-D25F368A97F1}.Release|x64.Build.0 = Release|Any CPU
		{81FE9753-7CA7-46C0-BF0C-D25F368A97F1}.Release|x86.ActiveCfg = Release|Any CPU
		{81FE9753-7CA7-46C0-BF0C-D25F368A97F1}.Release|x86.Build.0 = Release|Any CPU
		{382B3E7F-76A3-4B8E-B51F-E7B7AA7D3955}.Debug|Any CPU.ActiveCfg = Debug|Any CPU
		{382B3E7F-76A3-4B8E-B51F-E7B7AA7D3955}.Debug|Any CPU.Build.0 = Debug|Any CPU
		{382B3E7F-76A3-4B8E-B51F-E7B7AA7D3955}.Debug|x64.ActiveCfg = Debug|Any CPU
		{382B3E7F-76A3-4B8E-B51F-E7B7AA7D3955}.Debug|x64.Build.0 = Debug|Any CPU
		{382B3E7F-76A3-4B8E-B51F-E7B7AA7D3955}.Debug|x86.ActiveCfg = Debug|Any CPU
		{382B3E7F-76A3-4B8E-B51F-E7B7AA7D3955}.Debug|x86.Build.0 = Debug|Any CPU
		{382B3E7F-76A3-4B8E-B51F-E7B7AA7D3955}.Release|Any CPU.ActiveCfg = Release|Any CPU
		{382B3E7F-76A3-4B8E-B51F-E7B7AA7D3955}.Release|Any CPU.Build.0 = Release|Any CPU
		{382B3E7F-76A3-4B8E-B51F-E7B7AA7D3955}.Release|x64.ActiveCfg = Release|Any CPU
		{382B3E7F-76A3-4B8E-B51F-E7B7AA7D3955}.Release|x64.Build.0 = Release|Any CPU
		{382B3E7F-76A3-4B8E-B51F-E7B7AA7D3955}.Release|x86.ActiveCfg = Release|Any CPU
		{382B3E7F-76A3-4B8E-B51F-E7B7AA7D3955}.Release|x86.Build.0 = Release|Any CPU
		{14304351-9AEF-43C0-91B8-1E0D42E18D3C}.Debug|Any CPU.ActiveCfg = Debug|Any CPU
		{14304351-9AEF-43C0-91B8-1E0D42E18D3C}.Debug|Any CPU.Build.0 = Debug|Any CPU
		{14304351-9AEF-43C0-91B8-1E0D42E18D3C}.Debug|x64.ActiveCfg = Debug|Any CPU
		{14304351-9AEF-43C0-91B8-1E0D42E18D3C}.Debug|x64.Build.0 = Debug|Any CPU
		{14304351-9AEF-43C0-91B8-1E0D42E18D3C}.Debug|x86.ActiveCfg = Debug|Any CPU
		{14304351-9AEF-43C0-91B8-1E0D42E18D3C}.Debug|x86.Build.0 = Debug|Any CPU
		{14304351-9AEF-43C0-91B8-1E0D42E18D3C}.Release|Any CPU.ActiveCfg = Release|Any CPU
		{14304351-9AEF-43C0-91B8-1E0D42E18D3C}.Release|Any CPU.Build.0 = Release|Any CPU
		{14304351-9AEF-43C0-91B8-1E0D42E18D3C}.Release|x64.ActiveCfg = Release|Any CPU
		{14304351-9AEF-43C0-91B8-1E0D42E18D3C}.Release|x64.Build.0 = Release|Any CPU
		{14304351-9AEF-43C0-91B8-1E0D42E18D3C}.Release|x86.ActiveCfg = Release|Any CPU
		{14304351-9AEF-43C0-91B8-1E0D42E18D3C}.Release|x86.Build.0 = Release|Any CPU
		{5AA39AA0-1DAE-4777-8F30-1A1781E9974A}.Debug|Any CPU.ActiveCfg = Debug|Any CPU
		{5AA39AA0-1DAE-4777-8F30-1A1781E9974A}.Debug|Any CPU.Build.0 = Debug|Any CPU
		{5AA39AA0-1DAE-4777-8F30-1A1781E9974A}.Debug|x64.ActiveCfg = Debug|Any CPU
		{5AA39AA0-1DAE-4777-8F30-1A1781E9974A}.Debug|x64.Build.0 = Debug|Any CPU
		{5AA39AA0-1DAE-4777-8F30-1A1781E9974A}.Debug|x86.ActiveCfg = Debug|Any CPU
		{5AA39AA0-1DAE-4777-8F30-1A1781E9974A}.Debug|x86.Build.0 = Debug|Any CPU
		{5AA39AA0-1DAE-4777-8F30-1A1781E9974A}.Release|Any CPU.ActiveCfg = Release|Any CPU
		{5AA39AA0-1DAE-4777-8F30-1A1781E9974A}.Release|Any CPU.Build.0 = Release|Any CPU
		{5AA39AA0-1DAE-4777-8F30-1A1781E9974A}.Release|x64.ActiveCfg = Release|Any CPU
		{5AA39AA0-1DAE-4777-8F30-1A1781E9974A}.Release|x64.Build.0 = Release|Any CPU
		{5AA39AA0-1DAE-4777-8F30-1A1781E9974A}.Release|x86.ActiveCfg = Release|Any CPU
		{5AA39AA0-1DAE-4777-8F30-1A1781E9974A}.Release|x86.Build.0 = Release|Any CPU
		{9C003448-22F9-4ED0-B50E-15A1E4EAAEB7}.Debug|Any CPU.ActiveCfg = Debug|Any CPU
		{9C003448-22F9-4ED0-B50E-15A1E4EAAEB7}.Debug|Any CPU.Build.0 = Debug|Any CPU
		{9C003448-22F9-4ED0-B50E-15A1E4EAAEB7}.Debug|x64.ActiveCfg = Debug|Any CPU
		{9C003448-22F9-4ED0-B50E-15A1E4EAAEB7}.Debug|x64.Build.0 = Debug|Any CPU
		{9C003448-22F9-4ED0-B50E-15A1E4EAAEB7}.Debug|x86.ActiveCfg = Debug|Any CPU
		{9C003448-22F9-4ED0-B50E-15A1E4EAAEB7}.Debug|x86.Build.0 = Debug|Any CPU
		{9C003448-22F9-4ED0-B50E-15A1E4EAAEB7}.Release|Any CPU.ActiveCfg = Release|Any CPU
		{9C003448-22F9-4ED0-B50E-15A1E4EAAEB7}.Release|Any CPU.Build.0 = Release|Any CPU
		{9C003448-22F9-4ED0-B50E-15A1E4EAAEB7}.Release|x64.ActiveCfg = Release|Any CPU
		{9C003448-22F9-4ED0-B50E-15A1E4EAAEB7}.Release|x64.Build.0 = Release|Any CPU
		{9C003448-22F9-4ED0-B50E-15A1E4EAAEB7}.Release|x86.ActiveCfg = Release|Any CPU
		{9C003448-22F9-4ED0-B50E-15A1E4EAAEB7}.Release|x86.Build.0 = Release|Any CPU
		{B231255E-F8B3-4957-A782-AE462C3A8D76}.Debug|Any CPU.ActiveCfg = Debug|Any CPU
		{B231255E-F8B3-4957-A782-AE462C3A8D76}.Debug|Any CPU.Build.0 = Debug|Any CPU
		{B231255E-F8B3-4957-A782-AE462C3A8D76}.Debug|x64.ActiveCfg = Debug|Any CPU
		{B231255E-F8B3-4957-A782-AE462C3A8D76}.Debug|x64.Build.0 = Debug|Any CPU
		{B231255E-F8B3-4957-A782-AE462C3A8D76}.Debug|x86.ActiveCfg = Debug|Any CPU
		{B231255E-F8B3-4957-A782-AE462C3A8D76}.Debug|x86.Build.0 = Debug|Any CPU
		{B231255E-F8B3-4957-A782-AE462C3A8D76}.Release|Any CPU.ActiveCfg = Release|Any CPU
		{B231255E-F8B3-4957-A782-AE462C3A8D76}.Release|Any CPU.Build.0 = Release|Any CPU
		{B231255E-F8B3-4957-A782-AE462C3A8D76}.Release|x64.ActiveCfg = Release|Any CPU
		{B231255E-F8B3-4957-A782-AE462C3A8D76}.Release|x64.Build.0 = Release|Any CPU
		{B231255E-F8B3-4957-A782-AE462C3A8D76}.Release|x86.ActiveCfg = Release|Any CPU
		{B231255E-F8B3-4957-A782-AE462C3A8D76}.Release|x86.Build.0 = Release|Any CPU
		{66DE9A4A-C7DA-4C6A-9E36-964E57FD4AC2}.Debug|Any CPU.ActiveCfg = Debug|Any CPU
		{66DE9A4A-C7DA-4C6A-9E36-964E57FD4AC2}.Debug|Any CPU.Build.0 = Debug|Any CPU
		{66DE9A4A-C7DA-4C6A-9E36-964E57FD4AC2}.Debug|x64.ActiveCfg = Debug|Any CPU
		{66DE9A4A-C7DA-4C6A-9E36-964E57FD4AC2}.Debug|x64.Build.0 = Debug|Any CPU
		{66DE9A4A-C7DA-4C6A-9E36-964E57FD4AC2}.Debug|x86.ActiveCfg = Debug|Any CPU
		{66DE9A4A-C7DA-4C6A-9E36-964E57FD4AC2}.Debug|x86.Build.0 = Debug|Any CPU
		{66DE9A4A-C7DA-4C6A-9E36-964E57FD4AC2}.Release|Any CPU.ActiveCfg = Release|Any CPU
		{66DE9A4A-C7DA-4C6A-9E36-964E57FD4AC2}.Release|Any CPU.Build.0 = Release|Any CPU
		{66DE9A4A-C7DA-4C6A-9E36-964E57FD4AC2}.Release|x64.ActiveCfg = Release|Any CPU
		{66DE9A4A-C7DA-4C6A-9E36-964E57FD4AC2}.Release|x64.Build.0 = Release|Any CPU
		{66DE9A4A-C7DA-4C6A-9E36-964E57FD4AC2}.Release|x86.ActiveCfg = Release|Any CPU
		{66DE9A4A-C7DA-4C6A-9E36-964E57FD4AC2}.Release|x86.Build.0 = Release|Any CPU
		{CA01E9A4-5B6D-4386-AC63-87D58C94FB54}.Debug|Any CPU.ActiveCfg = Debug|Any CPU
		{CA01E9A4-5B6D-4386-AC63-87D58C94FB54}.Debug|Any CPU.Build.0 = Debug|Any CPU
		{CA01E9A4-5B6D-4386-AC63-87D58C94FB54}.Debug|x64.ActiveCfg = Debug|Any CPU
		{CA01E9A4-5B6D-4386-AC63-87D58C94FB54}.Debug|x64.Build.0 = Debug|Any CPU
		{CA01E9A4-5B6D-4386-AC63-87D58C94FB54}.Debug|x86.ActiveCfg = Debug|Any CPU
		{CA01E9A4-5B6D-4386-AC63-87D58C94FB54}.Debug|x86.Build.0 = Debug|Any CPU
		{CA01E9A4-5B6D-4386-AC63-87D58C94FB54}.Release|Any CPU.ActiveCfg = Release|Any CPU
		{CA01E9A4-5B6D-4386-AC63-87D58C94FB54}.Release|Any CPU.Build.0 = Release|Any CPU
		{CA01E9A4-5B6D-4386-AC63-87D58C94FB54}.Release|x64.ActiveCfg = Release|Any CPU
		{CA01E9A4-5B6D-4386-AC63-87D58C94FB54}.Release|x64.Build.0 = Release|Any CPU
		{CA01E9A4-5B6D-4386-AC63-87D58C94FB54}.Release|x86.ActiveCfg = Release|Any CPU
		{CA01E9A4-5B6D-4386-AC63-87D58C94FB54}.Release|x86.Build.0 = Release|Any CPU
	EndGlobalSection
	GlobalSection(SolutionProperties) = preSolution
		HideSolutionNode = FALSE
	EndGlobalSection
	GlobalSection(NestedProjects) = preSolution
		{BC2D172B-13BC-136C-CDB1-4B1A687208C4} = {1787FE1D-075E-9E68-7218-25F1BD1BBEAB}
		{B756B46A-F4F8-47D6-AE1B-075F1DE6387A} = {BC2D172B-13BC-136C-CDB1-4B1A687208C4}
		{A9627159-C3CE-B976-3DC9-5BC25BE4B414} = {6C4D298B-81FB-2B6B-5AB6-46205EDDC72C}
		{FF7E4492-2215-4BE7-97C6-5168CAF2016D} = {A9627159-C3CE-B976-3DC9-5BC25BE4B414}
		{63A766F7-45A6-4019-9089-1E17620235DC} = {A9627159-C3CE-B976-3DC9-5BC25BE4B414}
		{278571C6-F57D-4372-A315-383A862ECF4E} = {A9627159-C3CE-B976-3DC9-5BC25BE4B414}
		{BC05918E-AEDE-4A95-93C0-826F1C1CC476} = {A9627159-C3CE-B976-3DC9-5BC25BE4B414}
		{93DC399F-63C6-45FC-BE80-9FAC560CD71C} = {A9627159-C3CE-B976-3DC9-5BC25BE4B414}
		{57090E2A-B438-4CEF-B57B-33C723970B0F} = {A9627159-C3CE-B976-3DC9-5BC25BE4B414}
		{12A480A4-E31C-4E44-BDF3-93DB6203D0C5} = {A9627159-C3CE-B976-3DC9-5BC25BE4B414}
		{1BE6F027-711D-4449-856F-3B8BB0227D39} = {A9627159-C3CE-B976-3DC9-5BC25BE4B414}
		{E071C029-9A46-4445-BE37-9C4B17BA2642} = {A9627159-C3CE-B976-3DC9-5BC25BE4B414}
		{D9694963-2B80-4B60-92CE-26B062EC58D8} = {A9627159-C3CE-B976-3DC9-5BC25BE4B414}
		{AF70FF4F-B77D-43BF-A6E8-7668495C7A72} = {A9627159-C3CE-B976-3DC9-5BC25BE4B414}
		{A4DAA8BE-9278-42AA-A2EC-DC48A9EF83B7} = {A9627159-C3CE-B976-3DC9-5BC25BE4B414}
		{E1A900B3-90C3-4F1A-A55F-A58ED817DF70} = {A9627159-C3CE-B976-3DC9-5BC25BE4B414}
		{485668DD-1F73-4641-A642-9D6482D8CE58} = {A9627159-C3CE-B976-3DC9-5BC25BE4B414}
		{AA722DF6-61AA-42AB-94E6-86348CF46C22} = {A9627159-C3CE-B976-3DC9-5BC25BE4B414}
		{ACE77A50-B8A8-4BE6-92A1-FEE5C8E84F9C} = {A9627159-C3CE-B976-3DC9-5BC25BE4B414}
		{6821AFF1-923B-4FAB-9BDD-2652863E8E47} = {A9627159-C3CE-B976-3DC9-5BC25BE4B414}
		{6F41F6F4-4407-4721-9DE9-37F6341318A2} = {A9627159-C3CE-B976-3DC9-5BC25BE4B414}
		{E2FD586E-360D-43AE-B8A4-11EB83EC5B3F} = {A9627159-C3CE-B976-3DC9-5BC25BE4B414}
		{FB7E0D53-AE3D-468A-B879-01067FE04722} = {A9627159-C3CE-B976-3DC9-5BC25BE4B414}
		{334B0CD0-50EF-4116-9789-FB52AB4864B6} = {A9627159-C3CE-B976-3DC9-5BC25BE4B414}
		{AE2B55E0-9D5E-4307-82DD-20D8D23E5ED4} = {A9627159-C3CE-B976-3DC9-5BC25BE4B414}
		{1DC634F8-E9F0-4B6A-B8FD-E622C8E287EE} = {A9627159-C3CE-B976-3DC9-5BC25BE4B414}
		{B0C14FF4-053E-4F03-BC51-F3B81DBE767D} = {A9627159-C3CE-B976-3DC9-5BC25BE4B414}
		{03C33936-2416-482B-B221-F74EF5D5A204} = {A9627159-C3CE-B976-3DC9-5BC25BE4B414}
		{81FE9753-7CA7-46C0-BF0C-D25F368A97F1} = {A9627159-C3CE-B976-3DC9-5BC25BE4B414}
		{382B3E7F-76A3-4B8E-B51F-E7B7AA7D3955} = {A9627159-C3CE-B976-3DC9-5BC25BE4B414}
		{14304351-9AEF-43C0-91B8-1E0D42E18D3C} = {A9627159-C3CE-B976-3DC9-5BC25BE4B414}
		{5AA39AA0-1DAE-4777-8F30-1A1781E9974A} = {A9627159-C3CE-B976-3DC9-5BC25BE4B414}
		{9C003448-22F9-4ED0-B50E-15A1E4EAAEB7} = {A9627159-C3CE-B976-3DC9-5BC25BE4B414}
		{B231255E-F8B3-4957-A782-AE462C3A8D76} = {A9627159-C3CE-B976-3DC9-5BC25BE4B414}
		{66DE9A4A-C7DA-4C6A-9E36-964E57FD4AC2} = {A9627159-C3CE-B976-3DC9-5BC25BE4B414}
		{CA01E9A4-5B6D-4386-AC63-87D58C94FB54} = {A9627159-C3CE-B976-3DC9-5BC25BE4B414}
	EndGlobalSection
EndGlobal
