
Microsoft Visual Studio Solution File, Format Version 12.00
# Visual Studio Version 17
VisualStudioVersion = 17.0.31903.59
MinimumVisualStudioVersion = 10.0.40219.1
Project("{2150E333-8FDC-42A3-9474-1A3956D46DE8}") = "apps", "apps", "{1787FE1D-075E-9E68-7218-25F1BD1BBEAB}"
EndProject
Project("{2150E333-8FDC-42A3-9474-1A3956D46DE8}") = "api", "api", "{BC2D172B-13BC-136C-CDB1-4B1A687208C4}"
EndProject
Project("{FAE04EC0-301F-11D3-BF4B-00C04F79EFBC}") = "Helm.Host", "apps\api\Helm.Host\Helm.Host.csproj", "{B756B46A-F4F8-47D6-AE1B-075F1DE6387A}"
EndProject
Project("{2150E333-8FDC-42A3-9474-1A3956D46DE8}") = "libs", "libs", "{6C4D298B-81FB-2B6B-5AB6-46205EDDC72C}"
EndProject
Project("{2150E333-8FDC-42A3-9474-1A3956D46DE8}") = "api", "api", "{A9627159-C3CE-B976-3DC9-5BC25BE4B414}"
EndProject
Project("{FAE04EC0-301F-11D3-BF4B-00C04F79EFBC}") = "Helm.Core", "libs\api\Helm.Core\Helm.Core.csproj", "{FF7E4492-2215-4BE7-97C6-5168CAF2016D}"
EndProject
Project("{FAE04EC0-301F-11D3-BF4B-00C04F79EFBC}") = "Helm.Core.Tests", "libs\api\Helm.Core.Tests\Helm.Core.Tests.csproj", "{63A766F7-45A6-4019-9089-1E17620235DC}"
EndProject
Project("{FAE04EC0-301F-11D3-BF4B-00C04F79EFBC}") = "Helm.Crm.Contracts", "libs\api\Helm.Crm.Contracts\Helm.Crm.Contracts.csproj", "{278571C6-F57D-4372-A315-383A862ECF4E}"
EndProject
Project("{FAE04EC0-301F-11D3-BF4B-00C04F79EFBC}") = "Helm.Crm", "libs\api\Helm.Crm\Helm.Crm.csproj", "{BC05918E-AEDE-4A95-93C0-826F1C1CC476}"
EndProject
Project("{FAE04EC0-301F-11D3-BF4B-00C04F79EFBC}") = "Helm.Crm.Tests", "libs\api\Helm.Crm.Tests\Helm.Crm.Tests.csproj", "{93DC399F-63C6-45FC-BE80-9FAC560CD71C}"
EndProject
Global
	GlobalSection(SolutionConfigurationPlatforms) = preSolution
		Debug|Any CPU = Debug|Any CPU
		Debug|x64 = Debug|x64
		Debug|x86 = Debug|x86
		Release|Any CPU = Release|Any CPU
		Release|x64 = Release|x64
		Release|x86 = Release|x86
	EndGlobalSection
	GlobalSection(ProjectConfigurationPlatforms) = postSolution
		{B756B46A-F4F8-47D6-AE1B-075F1DE6387A}.Debug|Any CPU.ActiveCfg = Debug|Any CPU
		{B756B46A-F4F8-47D6-AE1B-075F1DE6387A}.Debug|Any CPU.Build.0 = Debug|Any CPU
		{B756B46A-F4F8-47D6-AE1B-075F1DE6387A}.Debug|x64.ActiveCfg = Debug|Any CPU
		{B756B46A-F4F8-47D6-AE1B-075F1DE6387A}.Debug|x64.Build.0 = Debug|Any CPU
		{B756B46A-F4F8-47D6-AE1B-075F1DE6387A}.Debug|x86.ActiveCfg = Debug|Any CPU
		{B756B46A-F4F8-47D6-AE1B-075F1DE6387A}.Debug|x86.Build.0 = Debug|Any CPU
		{B756B46A-F4F8-47D6-AE1B-075F1DE6387A}.Release|Any CPU.ActiveCfg = Release|Any CPU
		{B756B46A-F4F8-47D6-AE1B-075F1DE6387A}.Release|Any CPU.Build.0 = Release|Any CPU
		{B756B46A-F4F8-47D6-AE1B-075F1DE6387A}.Release|x64.ActiveCfg = Release|Any CPU
		{B756B46A-F4F8-47D6-AE1B-075F1DE6387A}.Release|x64.Build.0 = Release|Any CPU
		{B756B46A-F4F8-47D6-AE1B-075F1DE6387A}.Release|x86.ActiveCfg = Release|Any CPU
		{B756B46A-F4F8-47D6-AE1B-075F1DE6387A}.Release|x86.Build.0 = Release|Any CPU
		{FF7E4492-2215-4BE7-97C6-5168CAF2016D}.Debug|Any CPU.ActiveCfg = Debug|Any CPU
		{FF7E4492-2215-4BE7-97C6-5168CAF2016D}.Debug|Any CPU.Build.0 = Debug|Any CPU
		{FF7E4492-2215-4BE7-97C6-5168CAF2016D}.Debug|x64.ActiveCfg = Debug|Any CPU
		{FF7E4492-2215-4BE7-97C6-5168CAF2016D}.Debug|x64.Build.0 = Debug|Any CPU
		{FF7E4492-2215-4BE7-97C6-5168CAF2016D}.Debug|x86.ActiveCfg = Debug|Any CPU
		{FF7E4492-2215-4BE7-97C6-5168CAF2016D}.Debug|x86.Build.0 = Debug|Any CPU
		{FF7E4492-2215-4BE7-97C6-5168CAF2016D}.Release|Any CPU.ActiveCfg = Release|Any CPU
		{FF7E4492-2215-4BE7-97C6-5168CAF2016D}.Release|Any CPU.Build.0 = Release|Any CPU
		{FF7E4492-2215-4BE7-97C6-5168CAF2016D}.Release|x64.ActiveCfg = Release|Any CPU
		{FF7E4492-2215-4BE7-97C6-5168CAF2016D}.Release|x64.Build.0 = Release|Any CPU
		{FF7E4492-2215-4BE7-97C6-5168CAF2016D}.Release|x86.ActiveCfg = Release|Any CPU
		{FF7E4492-2215-4BE7-97C6-5168CAF2016D}.Release|x86.Build.0 = Release|Any CPU
		{63A766F7-45A6-4019-9089-1E17620235DC}.Debug|Any CPU.ActiveCfg = Debug|Any CPU
		{63A766F7-45A6-4019-9089-1E17620235DC}.Debug|Any CPU.Build.0 = Debug|Any CPU
		{63A766F7-45A6-4019-9089-1E17620235DC}.Debug|x64.ActiveCfg = Debug|Any CPU
		{63A766F7-45A6-4019-9089-1E17620235DC}.Debug|x64.Build.0 = Debug|Any CPU
		{63A766F7-45A6-4019-9089-1E17620235DC}.Debug|x86.ActiveCfg = Debug|Any CPU
		{63A766F7-45A6-4019-9089-1E17620235DC}.Debug|x86.Build.0 = Debug|Any CPU
		{63A766F7-45A6-4019-9089-1E17620235DC}.Release|Any CPU.ActiveCfg = Release|Any CPU
		{63A766F7-45A6-4019-9089-1E17620235DC}.Release|Any CPU.Build.0 = Release|Any CPU
		{63A766F7-45A6-4019-9089-1E17620235DC}.Release|x64.ActiveCfg = Release|Any CPU
		{63A766F7-45A6-4019-9089-1E17620235DC}.Release|x64.Build.0 = Release|Any CPU
		{63A766F7-45A6-4019-9089-1E17620235DC}.Release|x86.ActiveCfg = Release|Any CPU
		{63A766F7-45A6-4019-9089-1E17620235DC}.Release|x86.Build.0 = Release|Any CPU
		{278571C6-F57D-4372-A315-383A862ECF4E}.Debug|Any CPU.ActiveCfg = Debug|Any CPU
		{278571C6-F57D-4372-A315-383A862ECF4E}.Debug|Any CPU.Build.0 = Debug|Any CPU
		{278571C6-F57D-4372-A315-383A862ECF4E}.Debug|x64.ActiveCfg = Debug|Any CPU
		{278571C6-F57D-4372-A315-383A862ECF4E}.Debug|x64.Build.0 = Debug|Any CPU
		{278571C6-F57D-4372-A315-383A862ECF4E}.Debug|x86.ActiveCfg = Debug|Any CPU
		{278571C6-F57D-4372-A315-383A862ECF4E}.Debug|x86.Build.0 = Debug|Any CPU
		{278571C6-F57D-4372-A315-383A862ECF4E}.Release|Any CPU.ActiveCfg = Release|Any CPU
		{278571C6-F57D-4372-A315-383A862ECF4E}.Release|Any CPU.Build.0 = Release|Any CPU
		{278571C6-F57D-4372-A315-383A862ECF4E}.Release|x64.ActiveCfg = Release|Any CPU
		{278571C6-F57D-4372-A315-383A862ECF4E}.Release|x64.Build.0 = Release|Any CPU
		{278571C6-F57D-4372-A315-383A862ECF4E}.Release|x86.ActiveCfg = Release|Any CPU
		{278571C6-F57D-4372-A315-383A862ECF4E}.Release|x86.Build.0 = Release|Any CPU
		{BC05918E-AEDE-4A95-93C0-826F1C1CC476}.Debug|Any CPU.ActiveCfg = Debug|Any CPU
		{BC05918E-AEDE-4A95-93C0-826F1C1CC476}.Debug|Any CPU.Build.0 = Debug|Any CPU
		{BC05918E-AEDE-4A95-93C0-826F1C1CC476}.Debug|x64.ActiveCfg = Debug|Any CPU
		{BC05918E-AEDE-4A95-93C0-826F1C1CC476}.Debug|x64.Build.0 = Debug|Any CPU
		{BC05918E-AEDE-4A95-93C0-826F1C1CC476}.Debug|x86.ActiveCfg = Debug|Any CPU
		{BC05918E-AEDE-4A95-93C0-826F1C1CC476}.Debug|x86.Build.0 = Debug|Any CPU
		{BC05918E-AEDE-4A95-93C0-826F1C1CC476}.Release|Any CPU.ActiveCfg = Release|Any CPU
		{BC05918E-AEDE-4A95-93C0-826F1C1CC476}.Release|Any CPU.Build.0 = Release|Any CPU
		{BC05918E-AEDE-4A95-93C0-826F1C1CC476}.Release|x64.ActiveCfg = Release|Any CPU
		{BC05918E-AEDE-4A95-93C0-826F1C1CC476}.Release|x64.Build.0 = Release|Any CPU
		{BC05918E-AEDE-4A95-93C0-826F1C1CC476}.Release|x86.ActiveCfg = Release|Any CPU
		{BC05918E-AEDE-4A95-93C0-826F1C1CC476}.Release|x86.Build.0 = Release|Any CPU
		{93DC399F-63C6-45FC-BE80-9FAC560CD71C}.Debug|Any CPU.ActiveCfg = Debug|Any CPU
		{93DC399F-63C6-45FC-BE80-9FAC560CD71C}.Debug|Any CPU.Build.0 = Debug|Any CPU
		{93DC399F-63C6-45FC-BE80-9FAC560CD71C}.Debug|x64.ActiveCfg = Debug|Any CPU
		{93DC399F-63C6-45FC-BE80-9FAC560CD71C}.Debug|x64.Build.0 = Debug|Any CPU
		{93DC399F-63C6-45FC-BE80-9FAC560CD71C}.Debug|x86.ActiveCfg = Debug|Any CPU
		{93DC399F-63C6-45FC-BE80-9FAC560CD71C}.Debug|x86.Build.0 = Debug|Any CPU
		{93DC399F-63C6-45FC-BE80-9FAC560CD71C}.Release|Any CPU.ActiveCfg = Release|Any CPU
		{93DC399F-63C6-45FC-BE80-9FAC560CD71C}.Release|Any CPU.Build.0 = Release|Any CPU
		{93DC399F-63C6-45FC-BE80-9FAC560CD71C}.Release|x64.ActiveCfg = Release|Any CPU
		{93DC399F-63C6-45FC-BE80-9FAC560CD71C}.Release|x64.Build.0 = Release|Any CPU
		{93DC399F-63C6-45FC-BE80-9FAC560CD71C}.Release|x86.ActiveCfg = Release|Any CPU
		{93DC399F-63C6-45FC-BE80-9FAC560CD71C}.Release|x86.Build.0 = Release|Any CPU
	EndGlobalSection
	GlobalSection(SolutionProperties) = preSolution
		HideSolutionNode = FALSE
	EndGlobalSection
	GlobalSection(NestedProjects) = preSolution
		{BC2D172B-13BC-136C-CDB1-4B1A687208C4} = {1787FE1D-075E-9E68-7218-25F1BD1BBEAB}
		{B756B46A-F4F8-47D6-AE1B-075F1DE6387A} = {BC2D172B-13BC-136C-CDB1-4B1A687208C4}
		{A9627159-C3CE-B976-3DC9-5BC25BE4B414} = {6C4D298B-81FB-2B6B-5AB6-46205EDDC72C}
		{FF7E4492-2215-4BE7-97C6-5168CAF2016D} = {A9627159-C3CE-B976-3DC9-5BC25BE4B414}
		{63A766F7-45A6-4019-9089-1E17620235DC} = {A9627159-C3CE-B976-3DC9-5BC25BE4B414}
		{278571C6-F57D-4372-A315-383A862ECF4E} = {A9627159-C3CE-B976-3DC9-5BC25BE4B414}
		{BC05918E-AEDE-4A95-93C0-826F1C1CC476} = {A9627159-C3CE-B976-3DC9-5BC25BE4B414}
		{93DC399F-63C6-45FC-BE80-9FAC560CD71C} = {A9627159-C3CE-B976-3DC9-5BC25BE4B414}
	EndGlobalSection
EndGlobal
